<?xml version="1.0" encoding="utf-8"?>
<Project ToolsVersion="4.0" xmlns="http://schemas.microsoft.com/developer/msbuild/2003">
  <ItemGroup>
    <Filter Include="Source Files">
      <UniqueIdentifier>{4FC737F1-C7A5-4376-A066-2A32D752A2FF}</UniqueIdentifier>
      <Extensions>cpp;c;cc;cxx;def;odl;idl;hpj;bat;asm;asmx</Extensions>
    </Filter>
    <Filter Include="Header Files">
      <UniqueIdentifier>{93995380-89BD-4b04-88EB-625FBE52EBFB}</UniqueIdentifier>
      <Extensions>h;hpp;hxx;hm;inl;inc;xsd</Extensions>
    </Filter>
    <Filter Include="Resource Files">
      <UniqueIdentifier>{67DA6AB6-F800-4c08-8B7A-83BB121AAD01}</UniqueIdentifier>
      <Extensions>rc;ico;cur;bmp;dlg;rc2;rct;bin;rgs;gif;jpg;jpeg;jpe;resx;tiff;tif;png;wav;mfcribbon-ms</Extensions>
    </Filter>
    <Filter Include="Source Files\glfw">
      <UniqueIdentifier>{c0affabe-02aa-41c1-8236-3de174f4e472}</UniqueIdentifier>
    </Filter>
    <Filter Include="Source Files\glfw\src">
      <UniqueIdentifier>{78c12b96-9e82-4995-9b9d-2ddadeb85eda}</UniqueIdentifier>
    </Filter>
    <Filter Include="Source Files\demo01">
      <UniqueIdentifier>{9dabbf50-c352-4aaf-86ab-b678ab8c3136}</UniqueIdentifier>
    </Filter>
    <Filter Include="Source Files\platform">
      <UniqueIdentifier>{bc150975-47f1-41bc-8c1d-039162628f54}</UniqueIdentifier>
    </Filter>
  </ItemGroup>
  <ItemGroup>
    <ClCompile Include="..\demo01\Demo01.cpp">
      <Filter>Source Files\demo01</Filter>
    </ClCompile>
    <ClCompile Include="..\demo01\ListWindow.cpp">
      <Filter>Source Files\demo01</Filter>
    </ClCompile>
    <ClCompile Include="..\demo01\ResourceEditWindow.cpp">
      <Filter>Source Files\demo01</Filter>
    </ClCompile>
    <ClCompile Include="..\platform\glfw_extra_win.cpp">
      <Filter>Source Files\platform</Filter>
    </ClCompile>
    <ClCompile Include="..\platform\port_glfw.cpp">
      <Filter>Source Files\platform</Filter>
    </ClCompile>
    <ClCompile Include="..\platform\Application.cpp">
      <Filter>Source Files\platform</Filter>
    </ClCompile>
    <ClCompile Include="..\thirdparty\glfw\src\wgl_context.c">
      <Filter>Source Files\glfw\src</Filter>
    </ClCompile>
    <ClCompile Include="..\thirdparty\glfw\src\win32_init.c">
      <Filter>Source Files\glfw\src</Filter>
    </ClCompile>
    <ClCompile Include="..\thirdparty\glfw\src\win32_monitor.c">
      <Filter>Source Files\glfw\src</Filter>
    </ClCompile>
    <ClCompile Include="..\thirdparty\glfw\src\win32_time.c">
      <Filter>Source Files\glfw\src</Filter>
    </ClCompile>
    <ClCompile Include="..\thirdparty\glfw\src\win32_window.c">
      <Filter>Source Files\glfw\src</Filter>
    </ClCompile>
    <ClCompile Include="..\thirdparty\glfw\src\window.c">
      <Filter>Source Files\glfw\src</Filter>
    </ClCompile>
    <ClCompile Include="..\thirdparty\glfw\src\context.c">
      <Filter>Source Files\glfw\src</Filter>
    </ClCompile>
    <ClCompile Include="..\thirdparty\glfw\src\init.c">
      <Filter>Source Files\glfw\src</Filter>
    </ClCompile>
    <ClCompile Include="..\thirdparty\glfw\src\input.c">
      <Filter>Source Files\glfw\src</Filter>
    </ClCompile>
    <ClCompile Include="..\thirdparty\glfw\src\monitor.c">
      <Filter>Source Files\glfw\src</Filter>
    </ClCompile>
    <ClCompile Include="..\thirdparty\glfw\src\winmm_joystick.c">
      <Filter>Source Files\glfw\src</Filter>
    </ClCompile>
    <ClCompile Include="..\thirdparty\glfw\src\win32_tls.c">
      <Filter>Source Files\glfw\src</Filter>
    </ClCompile>
  </ItemGroup>
  <ItemGroup>
    <ClInclude Include="..\demo01\Demo.h">
      <Filter>Source Files\demo01</Filter>
    </ClInclude>
    <ClInclude Include="..\demo01\ListWindow.h">
      <Filter>Source Files\demo01</Filter>
    </ClInclude>
    <ClInclude Include="..\demo01\ResourceEditWindow.h">
      <Filter>Source Files\demo01</Filter>
    </ClInclude>
    <ClInclude Include="..\platform\Application.h">
      <Filter>Source Files\platform</Filter>
    </ClInclude>
    <ClInclude Include="..\platform\glfw_extra.h">
      <Filter>Source Files\platform</Filter>
    </ClInclude>
    <ClInclude Include="..\config.h">
      <Filter>Source Files</Filter>
    </ClInclude>
    <ClInclude Include="..\thirdparty\glfw\src\win32_platform.h">
      <Filter>Source Files\glfw\src</Filter>
    </ClInclude>
  </ItemGroup>
</Project>